<?xml version="1.0" encoding="utf-8"?>
<Project ToolsVersion="4.0" xmlns="http://schemas.microsoft.com/developer/msbuild/2003">
  <ItemGroup>
    <Filter Include="Source Files">
      <UniqueIdentifier>{B6C3C4D1-62B8-40E0-9B48-0F469E4E2F91}</UniqueIdentifier>
    </Filter>
    <Filter Include="Header Files">
      <UniqueIdentifier>{D2E63D9B-8C70-4A2A-8AD1-439A2E9F94C2}</UniqueIdentifier>
    </Filter>
    <Filter Include="XAML Files">
      <UniqueIdentifier>{63C0C1B3-6A20-4B2D-9D9F-3A4F1B918788}</UniqueIdentifier>
    </Filter>
  </ItemGroup>
  <ItemGroup>
    <ClInclude Include="App.xaml.h">
      <Filter>Header Files</Filter>
    </ClInclude>
    <ClInclude Include="MainWindow.xaml.h">
      <Filter>Header Files</Filter>
    </ClInclude>
    <ClInclude Include="pch.h">
      <Filter>Header Files</Filter>
    </ClInclude>
  </ItemGroup>
  <ItemGroup>
    <ClCompile Include="App.xaml.cpp">
      <Filter>Source Files</Filter>
    </ClCompile>
    <ClCompile Include="MainWindow.xaml.cpp">
      <Filter>Source Files</Filter>
    </ClCompile>
    <ClCompile Include="pch.cpp">
      <Filter>Source Files</Filter>
    </ClCompile>
  </ItemGroup>
  <ItemGroup>
    <ApplicationDefinition Include="App.xaml">
      <Filter>XAML Files</Filter>
    </ApplicationDefinition>
    <Page Include="MainWindow.xaml">
      <Filter>XAML Files</Filter>
    </Page>
  </ItemGroup>
  <ItemGroup>
    <Manifest Include="Package.appxmanifest" />
  </ItemGroup>
</Project>
